
Microsoft Visual Studio Solution File, Format Version 12.00
# Visual Studio Version 17
VisualStudioVersion = 17.2.32519.379
MinimumVisualStudioVersion = 10.0.40219.1
Project("{FAE04EC0-301F-11D3-BF4B-00C04F79EFBC}") = "Exercise01", "Exercise01\Exercise01.csproj", "{102CEFEE-2D67-430B-9307-D8776F54926C}"
EndProject
Global
	GlobalSection(SolutionConfigurationPlatforms) = preSolution
		Debug|Any CPU = Debug|Any CPU
		Release|Any CPU = Release|Any CPU
	EndGlobalSection
	GlobalSection(ProjectConfigurationPlatforms) = postSolution
		{102CEFEE-2D67-430B-9307-D8776F54926C}.Debug|Any CPU.ActiveCfg = Debug|Any CPU
		{102CEFEE-2D67-430B-9307-D8776F54926C}.Debug|Any CPU.Build.0 = Debug|Any CPU
		{102CEFEE-2D67-430B-9307-D8776F54926C}.Release|Any CPU.ActiveCfg = Release|Any CPU
		{102CEFEE-2D67-430B-9307-D8776F54926C}.Release|Any CPU.Build.0 = Release|Any CPU
	EndGlobalSection
	GlobalSection(SolutionProperties) = preSolution
		HideSolutionNode = FALSE
	EndGlobalSection
	GlobalSection(ExtensibilityGlobals) = postSolution
		SolutionGuid = {5C5A820E-0F0D-4094-AB8D-080977B761AE}
	EndGlobalSection
EndGlobal
